// !$*UTF8*$!
{
	archiveVersion = 1;
	classes = {
	};
	objectVersion = 56;
	objects = {

/* Begin PBXBuildFile section */
		EC76E83C2BCD1A0A0076979C /* AppDelegate.swift in Sources */ = {isa = PBXBuildFile; fileRef = EC76E83B2BCD1A0A0076979C /* AppDelegate.swift */; };
		EC76E83E2BCD1A0A0076979C /* SceneDelegate.swift in Sources */ = {isa = PBXBuildFile; fileRef = EC76E83D2BCD1A0A0076979C /* SceneDelegate.swift */; };
		EC76E8402BCD1A0A0076979C /* ViewController.swift in Sources */ = {isa = PBXBuildFile; fileRef = EC76E83F2BCD1A0A0076979C /* ViewController.swift */; };
		EC76E8432BCD1A0A0076979C /* Main.storyboard in Resources */ = {isa = PBXBuildFile; fileRef = EC76E8412BCD1A0A0076979C /* Main.storyboard */; };
		EC76E8452BCD1A0B0076979C /* Assets.xcassets in Resources */ = {isa = PBXBuildFile; fileRef = EC76E8442BCD1A0B0076979C /* Assets.xcassets */; };
		EC76E8482BCD1A0B0076979C /* LaunchScreen.storyboard in Resources */ = {isa = PBXBuildFile; fileRef = EC76E8462BCD1A0B0076979C /* LaunchScreen.storyboard */; };
		ECDEAEA12BCD5D1E0064C82E /* PopoverContentController.swift in Sources */ = {isa = PBXBuildFile; fileRef = ECDEAEA02BCD5D1E0064C82E /* PopoverContentController.swift */; };
/* End PBXBuildFile section */

/* Begin PBXFileReference section */
		EC76E8382BCD1A0A0076979C /* PopController.app */ = {isa = PBXFileReference; explicitFileType = wrapper.application; includeInIndex = 0; path = PopController.app; sourceTree = BUILT_PRODUCTS_DIR; };
		EC76E83B2BCD1A0A0076979C /* AppDelegate.swift */ = {isa = PBXFileReference; lastKnownFileType = sourcecode.swift; path = AppDelegate.swift; sourceTree = "<group>"; };
		EC76E83D2BCD1A0A0076979C /* SceneDelegate.swift */ = {isa = PBXFileReference; lastKnownFileType = sourcecode.swift; path = SceneDelegate.swift; sourceTree = "<group>"; };
		EC76E83F2BCD1A0A0076979C /* ViewController.swift */ = {isa = PBXFileReference; lastKnownFileType = sourcecode.swift; path = ViewController.swift; sourceTree = "<group>"; };
		EC76E8422BCD1A0A0076979C /* Base */ = {isa = PBXFileReference; lastKnownFileType = file.storyboard; name = Base; path = Base.lproj/Main.storyboard; sourceTree = "<group>"; };
		EC76E8442BCD1A0B0076979C /* Assets.xcassets */ = {isa = PBXFileReference; lastKnownFileType = folder.assetcatalog; path = Assets.xcassets; sourceTree = "<group>"; };
		EC76E8472BCD1A0B0076979C /* Base */ = {isa = PBXFileReference; lastKnownFileType = file.storyboard; name = Base; path = Base.lproj/LaunchScreen.storyboard; sourceTree = "<group>"; };
		EC76E8492BCD1A0B0076979C /* Info.plist */ = {isa = PBXFileReference; lastKnownFileType = text.plist.xml; path = Info.plist; sourceTree = "<group>"; };
		ECDEAEA02BCD5D1E0064C82E /* PopoverContentController.swift */ = {isa = PBXFileReference; lastKnownFileType = sourcecode.swift; path = PopoverContentController.swift; sourceTree = "<group>"; };
/* End PBXFileReference section */

/* Begin PBXFrameworksBuildPhase section */
		EC76E8352BCD1A0A0076979C /* Frameworks */ = {
			isa = PBXFrameworksBuildPhase;
			buildActionMask = 2147483647;
			files = (
			);
			runOnlyForDeploymentPostprocessing = 0;
		};
/* End PBXFrameworksBuildPhase section */

/* Begin PBXGroup section */
		EC76E82F2BCD1A0A0076979C = {
			isa = PBXGroup;
			children = (
				EC76E83A2BCD1A0A0076979C /* PopController */,
				EC76E8392BCD1A0A0076979C /* Products */,
			);
			sourceTree = "<group>";
		};
		EC76E8392BCD1A0A0076979C /* Products */ = {
			isa = PBXGroup;
			children = (
				EC76E8382BCD1A0A0076979C /* PopController.app */,
			);
			name = Products;
			sourceTree = "<group>";
		};
		EC76E83A2BCD1A0A0076979C /* PopController */ = {
			isa = PBXGroup;
			children = (
				EC76E83B2BCD1A0A0076979C /* AppDelegate.swift */,
				EC76E83D2BCD1A0A0076979C /* SceneDelegate.swift */,
				EC76E83F2BCD1A0A0076979C /* ViewController.swift */,
				ECDEAEA02BCD5D1E0064C82E /* PopoverContentController.swift */,
				EC76E8412BCD1A0A0076979C /* Main.storyboard */,
				EC76E8442BCD1A0B0076979C /* Assets.xcassets */,
				EC76E8462BCD1A0B0076979C /* LaunchScreen.storyboard */,
				EC76E8492BCD1A0B0076979C /* Info.plist */,
			);
			path = PopController;
			sourceTree = "<group>";
		};
/* End PBXGroup section */

/* Begin PBXNativeTarget section */
		EC76E8372BCD1A0A0076979C /* PopController */ = {
			isa = PBXNativeTarget;
			buildConfigurationList = EC76E84C2BCD1A0B0076979C /* Build configuration list for PBXNativeTarget "PopController" */;
			buildPhases = (
				EC76E8342BCD1A0A0076979C /* Sources */,
				EC76E8352BCD1A0A0076979C /* Frameworks */,
				EC76E8362BCD1A0A0076979C /* Resources */,
			);
			buildRules = (
			);
			dependencies = (
			);
			name = PopController;
			productName = PopController;
			productReference = EC76E8382BCD1A0A0076979C /* PopController.app */;
			productType = "com.apple.product-type.application";
		};
/* End PBXNativeTarget section */

/* Begin PBXProject section */
		EC76E8302BCD1A0A0076979C /* Project object */ = {
			isa = PBXProject;
			attributes = {
				BuildIndependentTargetsInParallel = 1;
				LastSwiftUpdateCheck = 1520;
				LastUpgradeCheck = 1520;
				TargetAttributes = {
					EC76E8372BCD1A0A0076979C = {
						CreatedOnToolsVersion = 15.2;
					};
				};
			};
			buildConfigurationList = EC76E8332BCD1A0A0076979C /* Build configuration list for PBXProject "PopController" */;
			compatibilityVersion = "Xcode 14.0";
			developmentRegion = en;
			hasScannedForEncodings = 0;
			knownRegions = (
				en,
				Base,
			);
			mainGroup = EC76E82F2BCD1A0A0076979C;
			productRefGroup = EC76E8392BCD1A0A0076979C /* Products */;
			projectDirPath = "";
			projectRoot = "";
			targets = (
				EC76E8372BCD1A0A0076979C /* PopController */,
			);
		};
/* End PBXProject section */

/* Begin PBXResourcesBuildPhase section */
		EC76E8362BCD1A0A0076979C /* Resources */ = {
			isa = PBXResourcesBuildPhase;
			buildActionMask = 2147483647;
			files = (
				EC76E8482BCD1A0B0076979C /* LaunchScreen.storyboard in Resources */,
				EC76E8452BCD1A0B0076979C /* Assets.xcassets in Resources */,
				EC76E8432BCD1A0A0076979C /* Main.storyboard in Resources */,
			);
			runOnlyForDeploymentPostprocessing = 0;
		};
/* End PBXResourcesBuildPhase section */

/* Begin PBXSourcesBuildPhase section */
		EC76E8342BCD1A0A0076979C /* Sources */ = {
			isa = PBXSourcesBuildPhase;
			buildActionMask = 2147483647;
			files = (
				EC76E8402BCD1A0A0076979C /* ViewController.swift in Sources */,
				EC76E83C2BCD1A0A0076979C /* AppDelegate.swift in Sources */,
				EC76E83E2BCD1A0A0076979C /* SceneDelegate.swift in Sources */,
				ECDEAEA12BCD5D1E0064C82E /* PopoverContentController.swift in Sources */,
			);
			runOnlyForDeploymentPostprocessing = 0;
		};
/* End PBXSourcesBuildPhase section */

/* Begin PBXVariantGroup section */
		EC76E8412BCD1A0A0076979C /* Main.storyboard */ = {
			isa = PBXVariantGroup;
			children = (
				EC76E8422BCD1A0A0076979C /* Base */,
			);
			name = Main.storyboard;
			sourceTree = "<group>";
		};
		EC76E8462BCD1A0B0076979C /* LaunchScreen.storyboard */ = {
			isa = PBXVariantGroup;
			children = (
				EC76E8472BCD1A0B0076979C /* Base */,
			);
			name = LaunchScreen.storyboard;
			sourceTree = "<group>";
		};
/* End PBXVariantGroup section */

/* Begin XCBuildConfiguration section */
		EC76E84A2BCD1A0B0076979C /* Debug */ = {
			isa = XCBuildConfiguration;
			buildSettings = {
				ALWAYS_SEARCH_USER_PATHS = NO;
				ASSETCATALOG_COMPILER_GENERATE_SWIFT_ASSET_SYMBOL_EXTENSIONS = YES;
				CLANG_ANALYZER_NONNULL = YES;
				CLANG_ANALYZER_NUMBER_OBJECT_CONVERSION = YES_AGGRESSIVE;
				CLANG_CXX_LANGUAGE_STANDARD = "gnu++20";
				CLANG_ENABLE_MODULES = YES;
				CLANG_ENABLE_OBJC_ARC = YES;
				CLANG_ENABLE_OBJC_WEAK = YES;
				CLANG_WARN_BLOCK_CAPTURE_AUTORELEASING = YES;
				CLANG_WARN_BOOL_CONVERSION = YES;
				CLANG_WARN_COMMA = YES;
				CLANG_WARN_CONSTANT_CONVERSION = YES;
				CLANG_WARN_DEPRECATED_OBJC_IMPLEMENTATIONS = YES;
				CLANG_WARN_DIRECT_OBJC_ISA_USAGE = YES_ERROR;
				CLANG_WARN_DOCUMENTATION_COMMENTS = YES;
				CLANG_WARN_EMPTY_BODY = YES;
				CLANG_WARN_ENUM_CONVERSION = YES;
				CLANG_WARN_INFINITE_RECURSION = YES;
				CLANG_WARN_INT_CONVERSION = YES;
				CLANG_WARN_NON_LITERAL_NULL_CONVERSION = YES;
				CLANG_WARN_OBJC_IMPLICIT_RETAIN_SELF = YES;
				CLANG_WARN_OBJC_LITERAL_CONVERSION = YES;
				CLANG_WARN_OBJC_ROOT_CLASS = YES_ERROR;
				CLANG_WARN_QUOTED_INCLUDE_IN_FRAMEWORK_HEADER = YES;
				CLANG_WARN_RANGE_LOOP_ANALYSIS = YES;
				CLANG_WARN_STRICT_PROTOTYPES = YES;
				CLANG_WARN_SUSPICIOUS_MOVE = YES;
				CLANG_WARN_UNGUARDED_AVAILABILITY = YES_AGGRESSIVE;
				CLANG_WARN_UNREACHABLE_CODE = YES;
				CLANG_WARN__DUPLICATE_METHOD_MATCH = YES;
				COPY_PHASE_STRIP = NO;
				DEBUG_INFORMATION_FORMAT = dwarf;
				ENABLE_STRICT_OBJC_MSGSEND = YES;
				ENABLE_TESTABILITY = YES;
				ENABLE_USER_SCRIPT_SANDBOXING = YES;
				GCC_C_LANGUAGE_STANDARD = gnu17;
				GCC_DYNAMIC_NO_PIC = NO;
				GCC_NO_COMMON_BLOCKS = YES;
				GCC_OPTIMIZATION_LEVEL = 0;
				GCC_PREPROCESSOR_DEFINITIONS = (
					"DEBUG=1",
					"$(inherited)",
				);
				GCC_WARN_64_TO_32_BIT_CONVERSION = YES;
				GCC_WARN_ABOUT_RETURN_TYPE = YES_ERROR;
				GCC_WARN_UNDECLARED_SELECTOR = YES;
				GCC_WARN_UNINITIALIZED_AUTOS = YES_AGGRESSIVE;
				GCC_WARN_UNUSED_FUNCTION = YES;
				GCC_WARN_UNUSED_VARIABLE = YES;
				IPHONEOS_DEPLOYMENT_TARGET = 17.2;
				LOCALIZATION_PREFERS_STRING_CATALOGS = YES;
				MTL_ENABLE_DEBUG_INFO = INCLUDE_SOURCE;
				MTL_FAST_MATH = YES;
				ONLY_ACTIVE_ARCH = YES;
				SDKROOT = iphoneos;
				SWIFT_ACTIVE_COMPILATION_CONDITIONS = "DEBUG $(inherited)";
				SWIFT_OPTIMIZATION_LEVEL = "-Onone";
			};
			name = Debug;
		};
		EC76E84B2BCD1A0B0076979C /* Release */ = {
			isa = XCBuildConfiguration;
			buildSettings = {
				ALWAYS_SEARCH_USER_PATHS = NO;
				ASSETCATALOG_COMPILER_GENERATE_SWIFT_ASSET_SYMBOL_EXTENSIONS = YES;
				CLANG_ANALYZER_NONNULL = YES;
				CLANG_ANALYZER_NUMBER_OBJECT_CONVERSION = YES_AGGRESSIVE;
				CLANG_CXX_LANGUAGE_STANDARD = "gnu++20";
				CLANG_ENABLE_MODULES = YES;
				CLANG_ENABLE_OBJC_ARC = YES;
				CLANG_ENABLE_OBJC_WEAK = YES;
				CLANG_WARN_BLOCK_CAPTURE_AUTORELEASING = YES;
				CLANG_WARN_BOOL_CONVERSION = YES;
				CLANG_WARN_COMMA = YES;
				CLANG_WARN_CONSTANT_CONVERSION = YES;
				CLANG_WARN_DEPRECATED_OBJC_IMPLEMENTATIONS = YES;
				CLANG_WARN_DIRECT_OBJC_ISA_USAGE = YES_ERROR;
				CLANG_WARN_DOCUMENTATION_COMMENTS = YES;
				CLANG_WARN_EMPTY_BODY = YES;
				CLANG_WARN_ENUM_CONVERSION = YES;
				CLANG_WARN_INFINITE_RECURSION = YES;
				CLANG_WARN_INT_CONVERSION = YES;
				CLANG_WARN_NON_LITERAL_NULL_CONVERSION = YES;
				CLANG_WARN_OBJC_IMPLICIT_RETAIN_SELF = YES;
				CLANG_WARN_OBJC_LITERAL_CONVERSION = YES;
				CLANG_WARN_OBJC_ROOT_CLASS = YES_ERROR;
				CLANG_WARN_QUOTED_INCLUDE_IN_FRAMEWORK_HEADER = YES;
				CLANG_WARN_RANGE_LOOP_ANALYSIS = YES;
				CLANG_WARN_STRICT_PROTOTYPES = YES;
				CLANG_WARN_SUSPICIOUS_MOVE = YES;
				CLANG_WARN_UNGUARDED_AVAILABILITY = YES_AGGRESSIVE;
				CLANG_WARN_UNREACHABLE_CODE = YES;
				CLANG_WARN__DUPLICATE_METHOD_MATCH = YES;
				COPY_PHASE_STRIP = NO;
				DEBUG_INFORMATION_FORMAT = "dwarf-with-dsym";
				ENABLE_NS_ASSERTIONS = NO;
				ENABLE_STRICT_OBJC_MSGSEND = YES;
				ENABLE_USER_SCRIPT_SANDBOXING = YES;
				GCC_C_LANGUAGE_STANDARD = gnu17;
				GCC_NO_COMMON_BLOCKS = YES;
				GCC_WARN_64_TO_32_BIT_CONVERSION = YES;
				GCC_WARN_ABOUT_RETURN_TYPE = YES_ERROR;
				GCC_WARN_UNDECLARED_SELECTOR = YES;
				GCC_WARN_UNINITIALIZED_AUTOS = YES_AGGRESSIVE;
				GCC_WARN_UNUSED_FUNCTION = YES;
				GCC_WARN_UNUSED_VARIABLE = YES;
				IPHONEOS_DEPLOYMENT_TARGET = 17.2;
				LOCALIZATION_PREFERS_STRING_CATALOGS = YES;
				MTL_ENABLE_DEBUG_INFO = NO;
				MTL_FAST_MATH = YES;
				SDKROOT = iphoneos;
				SWIFT_COMPILATION_MODE = wholemodule;
				VALIDATE_PRODUCT = YES;
			};
			name = Release;
		};
		EC76E84D2BCD1A0B0076979C /* Debug */ = {
			isa = XCBuildConfiguration;
			buildSettings = {
				ASSETCATALOG_COMPILER_APPICON_NAME = AppIcon;
				ASSETCATALOG_COMPILER_GLOBAL_ACCENT_COLOR_NAME = AccentColor;
				CODE_SIGN_STYLE = Automatic;
				CURRENT_PROJECT_VERSION = 1;
				DEVELOPMENT_TEAM = 96M4N38XTC;
				GENERATE_INFOPLIST_FILE = YES;
				INFOPLIST_FILE = PopController/Info.plist;
				INFOPLIST_KEY_UIApplicationSupportsIndirectInputEvents = YES;
				INFOPLIST_KEY_UILaunchStoryboardName = LaunchScreen;
				INFOPLIST_KEY_UIMainStoryboardFile = Main;
				INFOPLIST_KEY_UISupportedInterfaceOrientations_iPad = "UIInterfaceOrientationPortrait UIInterfaceOrientationPortraitUpsideDown UIInterfaceOrientationLandscapeLeft UIInterfaceOrientationLandscapeRight";
				INFOPLIST_KEY_UISupportedInterfaceOrientations_iPhone = "UIInterfaceOrientationPortrait UIInterfaceOrientationLandscapeLeft UIInterfaceOrientationLandscapeRight";
				LD_RUNPATH_SEARCH_PATHS = (
					"$(inherited)",
					"@executable_path/Frameworks",
				);
				MARKETING_VERSION = 1.0;
				PRODUCT_BUNDLE_IDENTIFIER = someCompany.PopController;
				PRODUCT_NAME = "$(TARGET_NAME)";
				SWIFT_EMIT_LOC_STRINGS = YES;
				SWIFT_VERSION = 5.0;
				TARGETED_DEVICE_FAMILY = "1,2";
			};
			name = Debug;
		};
		EC76E84E2BCD1A0B0076979C /* Release */ = {
			isa = XCBuildConfiguration;
			buildSettings = {
				ASSETCATALOG_COMPILER_APPICON_NAME = AppIcon;
				ASSETCATALOG_COMPILER_GLOBAL_ACCENT_COLOR_NAME = AccentColor;
				CODE_SIGN_STYLE = Automatic;
				CURRENT_PROJECT_VERSION = 1;
				DEVELOPMENT_TEAM = 96M4N38XTC;
				GENERATE_INFOPLIST_FILE = YES;
				INFOPLIST_FILE = PopController/Info.plist;
				INFOPLIST_KEY_UIApplicationSupportsIndirectInputEvents = YES;
				INFOPLIST_KEY_UILaunchStoryboardName = LaunchScreen;
				INFOPLIST_KEY_UIMainStoryboardFile = Main;
				INFOPLIST_KEY_UISupportedInterfaceOrientations_iPad = "UIInterfaceOrientationPortrait UIInterfaceOrientationPortraitUpsideDown UIInterfaceOrientationLandscapeLeft UIInterfaceOrientationLandscapeRight";
				INFOPLIST_KEY_UISupportedInterfaceOrientations_iPhone = "UIInterfaceOrientationPortrait UIInterfaceOrientationLandscapeLeft UIInterfaceOrientationLandscapeRight";
				LD_RUNPATH_SEARCH_PATHS = (
					"$(inherited)",
					"@executable_path/Frameworks",
				);
				MARKETING_VERSION = 1.0;
				PRODUCT_BUNDLE_IDENTIFIER = someCompany.PopController;
				PRODUCT_NAME = "$(TARGET_NAME)";
				SWIFT_EMIT_LOC_STRINGS = YES;
				SWIFT_VERSION = 5.0;
				TARGETED_DEVICE_FAMILY = "1,2";
			};
			name = Release;
		};
/* End XCBuildConfiguration section */

/* Begin XCConfigurationList section */
		EC76E8332BCD1A0A0076979C /* Build configuration list for PBXProject "PopController" */ = {
			isa = XCConfigurationList;
			buildConfigurations = (
				EC76E84A2BCD1A0B0076979C /* Debug */,
				EC76E84B2BCD1A0B0076979C /* Release */,
			);
			defaultConfigurationIsVisible = 0;
			defaultConfigurationName = Release;
		};
		EC76E84C2BCD1A0B0076979C /* Build configuration list for PBXNativeTarget "PopController" */ = {
			isa = XCConfigurationList;
			buildConfigurations = (
				EC76E84D2BCD1A0B0076979C /* Debug */,
				EC76E84E2BCD1A0B0076979C /* Release */,
			);
			defaultConfigurationIsVisible = 0;
			defaultConfigurationName = Release;
		};
/* End XCConfigurationList section */
	};
	rootObject = EC76E8302BCD1A0A0076979C /* Project object */;
}
